
Microsoft Visual Studio Solution File, Format Version 12.00
# Visual Studio Version 16
VisualStudioVersion = 16.0.32228.343
MinimumVisualStudioVersion = 10.0.40219.1
Project("{FAE04EC0-301F-11D3-BF4B-00C04F79EFBC}") = "IterationStatementsLoopsExercise1", "IterationStatementsLoopsExercise1\IterationStatementsLoopsExercise1.csproj", "{51D3FD42-F29F-42C2-A068-F824CAFB554C}"
EndProject
Global
	GlobalSection(SolutionConfigurationPlatforms) = preSolution
		Debug|Any CPU = Debug|Any CPU
		Release|Any CPU = Release|Any CPU
	EndGlobalSection
	GlobalSection(ProjectConfigurationPlatforms) = postSolution
		{51D3FD42-F29F-42C2-A068-F824CAFB554C}.Debug|Any CPU.ActiveCfg = Debug|Any CPU
		{51D3FD42-F29F-42C2-A068-F824CAFB554C}.Debug|Any CPU.Build.0 = Debug|Any CPU
		{51D3FD42-F29F-42C2-A068-F824CAFB554C}.Release|Any CPU.ActiveCfg = Release|Any CPU
		{51D3FD42-F29F-42C2-A068-F824CAFB554C}.Release|Any CPU.Build.0 = Release|Any CPU
	EndGlobalSection
	GlobalSection(SolutionProperties) = preSolution
		HideSolutionNode = FALSE
	EndGlobalSection
	GlobalSection(ExtensibilityGlobals) = postSolution
		SolutionGuid = {6B9CB88E-B67A-4C94-BDAD-CF4BEB45B93A}
	EndGlobalSection
EndGlobal
